github.com/logotipiwe/dc_go_env_lib v0.0.5 h1:h57uQxde4BCU7EBOYoAjNZJFSUNNFAe7pwFF2TzGNZw=
github.com/logotipiwe/dc_go_env_lib v0.0.5/go.mod h1:HN8cGisuq49hkEj+A1uOXnvHcWPWWKq6mVE7yJpxlY4=
github.com/logotipiwe/dc_go_utils v1.0.4 h1:L8IF0qOdB3tAOFsL1RqUtqT/0MrJZVkQwAoDsGUff4A=
github.com/logotipiwe/dc_go_utils v1.0.4/go.mod h1:DWXDE69F5qh2TlyZptm/9qijWDACE93GDz6bOYWqeQg=
